// !$*UTF8*$!
{
	archiveVersion = 1;
	classes = {
	};
	objectVersion = 46;
	objects = {

/* Begin PBXBuildFile section */
		2A3C3F7D09922D4900E404E9 /* NotificationController.m in Sources */ = {isa = PBXBuildFile; fileRef = 2A3C3F7B09922D4900E404E9 /* NotificationController.m */; };
		2E282CC80D9AE2B000439D01 /* unison-blob.o in Frameworks */ = {isa = PBXBuildFile; fileRef = 2E282CC70D9AE2B000439D01 /* unison-blob.o */; };
		44042CB60BE4FC9B00A6BBB2 /* ProgressCell.m in Sources */ = {isa = PBXBuildFile; fileRef = 44042CB40BE4FC9B00A6BBB2 /* ProgressCell.m */; };
		440EEAF30C03EC3D00ACAAB0 /* Change_Created.png in Resources */ = {isa = PBXBuildFile; fileRef = 440EEAF20C03EC3D00ACAAB0 /* Change_Created.png */; };
		440EEAF90C03F0B800ACAAB0 /* Change_Deleted.png in Resources */ = {isa = PBXBuildFile; fileRef = 440EEAF60C03F0B800ACAAB0 /* Change_Deleted.png */; };
		440EEAFA0C03F0B800ACAAB0 /* Change_Modified.png in Resources */ = {isa = PBXBuildFile; fileRef = 440EEAF70C03F0B800ACAAB0 /* Change_Modified.png */; };
		440EEAFB0C03F0B800ACAAB0 /* Change_PropsChanged.png in Resources */ = {isa = PBXBuildFile; fileRef = 440EEAF80C03F0B800ACAAB0 /* Change_PropsChanged.png */; };
		445A291B0BFA5B3300E4E641 /* Outline-Deep.png in Resources */ = {isa = PBXBuildFile; fileRef = 445A291A0BFA5B3300E4E641 /* Outline-Deep.png */; };
		445A29270BFA5C1200E4E641 /* Outline-Flat.png in Resources */ = {isa = PBXBuildFile; fileRef = 445A29260BFA5C1200E4E641 /* Outline-Flat.png */; };
		445A29290BFA5C1B00E4E641 /* Outline-Flattened.png in Resources */ = {isa = PBXBuildFile; fileRef = 445A29280BFA5C1B00E4E641 /* Outline-Flattened.png */; };
		445A2A5E0BFAB6C300E4E641 /* ImageAndTextCell.m in Sources */ = {isa = PBXBuildFile; fileRef = 445A2A5D0BFAB6C300E4E641 /* ImageAndTextCell.m */; };
		449F03E10BE00DE9003F15C8 /* Bridge.m in Sources */ = {isa = PBXBuildFile; fileRef = 449F03DF0BE00DE9003F15C8 /* Bridge.m */; };
		44A794A10BE16C380069680C /* ExceptionHandling.framework in Frameworks */ = {isa = PBXBuildFile; fileRef = 44A794A00BE16C380069680C /* ExceptionHandling.framework */; };
		44A797F40BE3F9B70069680C /* table-mixed.tif in Resources */ = {isa = PBXBuildFile; fileRef = 44A797F10BE3F9B70069680C /* table-mixed.tif */; };
		44F472B10C0DB735006428EF /* Change_Absent.png in Resources */ = {isa = PBXBuildFile; fileRef = 44F472AF0C0DB735006428EF /* Change_Absent.png */; };
		44F472B20C0DB735006428EF /* Change_Unmodified.png in Resources */ = {isa = PBXBuildFile; fileRef = 44F472B00C0DB735006428EF /* Change_Unmodified.png */; };
		4C5E1ED321E5E9C500F98F8C /* ProgressBarGreen.png in Resources */ = {isa = PBXBuildFile; fileRef = 4C5E1EC821E5E9C500F98F8C /* ProgressBarGreen.png */; };
		4C5E1ED421E5E9C500F98F8C /* ProgressBarAdvanced.png in Resources */ = {isa = PBXBuildFile; fileRef = 4C5E1EC921E5E9C500F98F8C /* ProgressBarAdvanced.png */; };
		4C5E1ED521E5E9C500F98F8C /* ProgressBarBlue.png in Resources */ = {isa = PBXBuildFile; fileRef = 4C5E1ECA21E5E9C500F98F8C /* ProgressBarBlue.png */; };
		4C5E1ED621E5E9C500F98F8C /* ProgressBarGray.png in Resources */ = {isa = PBXBuildFile; fileRef = 4C5E1ECB21E5E9C500F98F8C /* ProgressBarGray.png */; };
		4C5E1ED721E5E9C500F98F8C /* ProgressBarEndGray.png in Resources */ = {isa = PBXBuildFile; fileRef = 4C5E1ECC21E5E9C500F98F8C /* ProgressBarEndGray.png */; };
		4C5E1ED821E5E9C500F98F8C /* ProgressBarEndGreen.png in Resources */ = {isa = PBXBuildFile; fileRef = 4C5E1ECD21E5E9C500F98F8C /* ProgressBarEndGreen.png */; };
		4C5E1ED921E5E9C500F98F8C /* ProgressBarEndWhite.png in Resources */ = {isa = PBXBuildFile; fileRef = 4C5E1ECE21E5E9C500F98F8C /* ProgressBarEndWhite.png */; };
		4C5E1EDA21E5E9C500F98F8C /* ProgressBarEndAdvanced.png in Resources */ = {isa = PBXBuildFile; fileRef = 4C5E1ECF21E5E9C500F98F8C /* ProgressBarEndAdvanced.png */; };
		4C5E1EDB21E5E9C500F98F8C /* ProgressBarWhite.png in Resources */ = {isa = PBXBuildFile; fileRef = 4C5E1ED021E5E9C500F98F8C /* ProgressBarWhite.png */; };
		4C5E1EDC21E5E9C500F98F8C /* ProgressBarLightGreen.png in Resources */ = {isa = PBXBuildFile; fileRef = 4C5E1ED121E5E9C500F98F8C /* ProgressBarLightGreen.png */; };
		4C5E1EDD21E5E9C500F98F8C /* ProgressBarEndBlue.png in Resources */ = {isa = PBXBuildFile; fileRef = 4C5E1ED221E5E9C500F98F8C /* ProgressBarEndBlue.png */; };
		69C625E80664EC3300B3C46A /* Unison.icns in Resources */ = {isa = PBXBuildFile; fileRef = 69C625CA0664E94E00B3C46A /* Unison.icns */; };
		69C625EA0664EC3300B3C46A /* main.m in Sources */ = {isa = PBXBuildFile; fileRef = 29B97316FDCFA39411CA2CEA /* main.m */; settings = {ATTRIBUTES = (); }; };
		69C625EB0664EC3300B3C46A /* MyController.m in Sources */ = {isa = PBXBuildFile; fileRef = 69660DC704F08CC100CF23A4 /* MyController.m */; };
		69C625EC0664EC3300B3C46A /* ProfileController.m in Sources */ = {isa = PBXBuildFile; fileRef = 690F564504F11EC300CF23A4 /* ProfileController.m */; };
		69C625ED0664EC3300B3C46A /* ReconItem.m in Sources */ = {isa = PBXBuildFile; fileRef = 69D3C6F904F1CC3700CF23A4 /* ReconItem.m */; };
		69C625EE0664EC3300B3C46A /* ReconTableView.m in Sources */ = {isa = PBXBuildFile; fileRef = 69BA7DA904FD695200CF23A4 /* ReconTableView.m */; };
		69C625EF0664EC3300B3C46A /* PreferencesController.m in Sources */ = {isa = PBXBuildFile; fileRef = 697985CE050CFA2D00CF23A4 /* PreferencesController.m */; };
		69C625F00664EC3300B3C46A /* ProfileTableView.m in Sources */ = {isa = PBXBuildFile; fileRef = 691CE181051BB44A00CF23A4 /* ProfileTableView.m */; };
		69C625F20664EC3300B3C46A /* Cocoa.framework in Frameworks */ = {isa = PBXBuildFile; fileRef = 1058C7A1FEA54F0111CA2CBB /* Cocoa.framework */; };
		69E407BA07EB95AA00D37AA1 /* Security.framework in Frameworks */ = {isa = PBXBuildFile; fileRef = 69E407B907EB95AA00D37AA1 /* Security.framework */; };
		8450B1381918859E00A2C4D6 /* ColorGradientView.m in Sources */ = {isa = PBXBuildFile; fileRef = 8450B1371918859E00A2C4D6 /* ColorGradientView.m */; };
		849BE4FF191AC10E001B6FBF /* README in Resources */ = {isa = PBXBuildFile; fileRef = 849BE4FA191AC10E001B6FBF /* README */; };
		849BE500191AC10E001B6FBF /* SSSelectableToolbar.m in Sources */ = {isa = PBXBuildFile; fileRef = 849BE4FC191AC10E001B6FBF /* SSSelectableToolbar.m */; };
		849BE501191AC10E001B6FBF /* SSSelectableToolbarItem.m in Sources */ = {isa = PBXBuildFile; fileRef = 849BE4FE191AC10E001B6FBF /* SSSelectableToolbarItem.m */; };
		B518071C09D6652100B1B21F /* add.tif in Resources */ = {isa = PBXBuildFile; fileRef = B518071209D6652100B1B21F /* add.tif */; };
		B518071D09D6652100B1B21F /* diff.tif in Resources */ = {isa = PBXBuildFile; fileRef = B518071309D6652100B1B21F /* diff.tif */; };
		B518071E09D6652100B1B21F /* go.tif in Resources */ = {isa = PBXBuildFile; fileRef = B518071409D6652100B1B21F /* go.tif */; };
		B518071F09D6652100B1B21F /* left.tif in Resources */ = {isa = PBXBuildFile; fileRef = B518071509D6652100B1B21F /* left.tif */; };
		B518072009D6652100B1B21F /* merge.tif in Resources */ = {isa = PBXBuildFile; fileRef = B518071609D6652100B1B21F /* merge.tif */; };
		B518072109D6652100B1B21F /* quit.tif in Resources */ = {isa = PBXBuildFile; fileRef = B518071709D6652100B1B21F /* quit.tif */; };
		B518072209D6652100B1B21F /* restart.tif in Resources */ = {isa = PBXBuildFile; fileRef = B518071809D6652100B1B21F /* restart.tif */; };
		B518072309D6652100B1B21F /* right.tif in Resources */ = {isa = PBXBuildFile; fileRef = B518071909D6652100B1B21F /* right.tif */; };
		B518072409D6652100B1B21F /* save.tif in Resources */ = {isa = PBXBuildFile; fileRef = B518071A09D6652100B1B21F /* save.tif */; };
		B518072509D6652100B1B21F /* skip.tif in Resources */ = {isa = PBXBuildFile; fileRef = B518071B09D6652100B1B21F /* skip.tif */; };
		B554004109C4E5AA0089E1C3 /* UnisonToolbar.m in Sources */ = {isa = PBXBuildFile; fileRef = B554004009C4E5AA0089E1C3 /* UnisonToolbar.m */; };
		B5B44C1909DF61A4000DC7AF /* table-conflict.tif in Resources */ = {isa = PBXBuildFile; fileRef = B5B44C1109DF61A4000DC7AF /* table-conflict.tif */; };
		B5B44C1A09DF61A4000DC7AF /* table-error.tif in Resources */ = {isa = PBXBuildFile; fileRef = B5B44C1209DF61A4000DC7AF /* table-error.tif */; };
		B5B44C1B09DF61A4000DC7AF /* table-left-blue.tif in Resources */ = {isa = PBXBuildFile; fileRef = B5B44C1309DF61A4000DC7AF /* table-left-blue.tif */; };
		B5B44C1C09DF61A4000DC7AF /* table-left-green.tif in Resources */ = {isa = PBXBuildFile; fileRef = B5B44C1409DF61A4000DC7AF /* table-left-green.tif */; };
		B5B44C1D09DF61A4000DC7AF /* table-merge.tif in Resources */ = {isa = PBXBuildFile; fileRef = B5B44C1509DF61A4000DC7AF /* table-merge.tif */; };
		B5B44C1E09DF61A4000DC7AF /* table-right-blue.tif in Resources */ = {isa = PBXBuildFile; fileRef = B5B44C1609DF61A4000DC7AF /* table-right-blue.tif */; };
		B5B44C1F09DF61A4000DC7AF /* table-right-green.tif in Resources */ = {isa = PBXBuildFile; fileRef = B5B44C1709DF61A4000DC7AF /* table-right-green.tif */; };
		B5B44C2009DF61A4000DC7AF /* table-skip.tif in Resources */ = {isa = PBXBuildFile; fileRef = B5B44C1809DF61A4000DC7AF /* table-skip.tif */; };
		B5E03B3909E38B9E0058C7B9 /* rescan.tif in Resources */ = {isa = PBXBuildFile; fileRef = B5E03B3809E38B9E0058C7B9 /* rescan.tif */; };
		DE2444D610C294EA007E1546 /* MainMenu.xib in Resources */ = {isa = PBXBuildFile; fileRef = DE2444D410C294EA007E1546 /* MainMenu.xib */; };
/* End PBXBuildFile section */

/* Begin PBXFileReference section */
		1058C7A1FEA54F0111CA2CBB /* Cocoa.framework */ = {isa = PBXFileReference; lastKnownFileType = wrapper.framework; name = Cocoa.framework; path = /System/Library/Frameworks/Cocoa.framework; sourceTree = "<absolute>"; };
		29B97316FDCFA39411CA2CEA /* main.m */ = {isa = PBXFileReference; fileEncoding = 30; lastKnownFileType = sourcecode.c.objc; path = main.m; sourceTree = "<group>"; };
		2A3C3F7A09922D4900E404E9 /* NotificationController.h */ = {isa = PBXFileReference; fileEncoding = 4; lastKnownFileType = sourcecode.c.h; path = NotificationController.h; sourceTree = "<group>"; };
		2A3C3F7B09922D4900E404E9 /* NotificationController.m */ = {isa = PBXFileReference; fileEncoding = 4; lastKnownFileType = sourcecode.c.objc; path = NotificationController.m; sourceTree = "<group>"; };
		2E282CC70D9AE2B000439D01 /* unison-blob.o */ = {isa = PBXFileReference; lastKnownFileType = "compiled.mach-o.objfile"; name = "unison-blob.o"; path = "../unison-blob.o"; sourceTree = "<group>"; };
		2E282CCC0D9AE2E800439D01 /* ExternalSettings.xcconfig */ = {isa = PBXFileReference; fileEncoding = 4; lastKnownFileType = text.xcconfig; path = ExternalSettings.xcconfig; sourceTree = "<group>"; };
		44042CB30BE4FC9B00A6BBB2 /* ProgressCell.h */ = {isa = PBXFileReference; fileEncoding = 30; lastKnownFileType = sourcecode.c.h; path = ProgressCell.h; sourceTree = "<group>"; };
		44042CB40BE4FC9B00A6BBB2 /* ProgressCell.m */ = {isa = PBXFileReference; fileEncoding = 30; lastKnownFileType = sourcecode.c.objc; path = ProgressCell.m; sourceTree = "<group>"; };
		440EEAF20C03EC3D00ACAAB0 /* Change_Created.png */ = {isa = PBXFileReference; lastKnownFileType = image.png; path = Change_Created.png; sourceTree = "<group>"; };
		440EEAF60C03F0B800ACAAB0 /* Change_Deleted.png */ = {isa = PBXFileReference; lastKnownFileType = image.png; path = Change_Deleted.png; sourceTree = "<group>"; };
		440EEAF70C03F0B800ACAAB0 /* Change_Modified.png */ = {isa = PBXFileReference; lastKnownFileType = image.png; path = Change_Modified.png; sourceTree = "<group>"; };
		440EEAF80C03F0B800ACAAB0 /* Change_PropsChanged.png */ = {isa = PBXFileReference; lastKnownFileType = image.png; path = Change_PropsChanged.png; sourceTree = "<group>"; };
		445A291A0BFA5B3300E4E641 /* Outline-Deep.png */ = {isa = PBXFileReference; lastKnownFileType = image.png; path = "Outline-Deep.png"; sourceTree = "<group>"; };
		445A29260BFA5C1200E4E641 /* Outline-Flat.png */ = {isa = PBXFileReference; lastKnownFileType = image.png; path = "Outline-Flat.png"; sourceTree = "<group>"; };
		445A29280BFA5C1B00E4E641 /* Outline-Flattened.png */ = {isa = PBXFileReference; lastKnownFileType = image.png; path = "Outline-Flattened.png"; sourceTree = "<group>"; };
		445A2A5B0BFAB6A100E4E641 /* ImageAndTextCell.h */ = {isa = PBXFileReference; fileEncoding = 30; lastKnownFileType = sourcecode.c.h; path = ImageAndTextCell.h; sourceTree = "<group>"; };
		445A2A5D0BFAB6C300E4E641 /* ImageAndTextCell.m */ = {isa = PBXFileReference; fileEncoding = 30; lastKnownFileType = sourcecode.c.objc; path = ImageAndTextCell.m; sourceTree = "<group>"; };
		449F03DE0BE00DE9003F15C8 /* Bridge.h */ = {isa = PBXFileReference; fileEncoding = 4; lastKnownFileType = sourcecode.c.h; path = Bridge.h; sourceTree = "<group>"; };
		449F03DF0BE00DE9003F15C8 /* Bridge.m */ = {isa = PBXFileReference; fileEncoding = 4; lastKnownFileType = sourcecode.c.objc; path = Bridge.m; sourceTree = "<group>"; };
		44A794A00BE16C380069680C /* ExceptionHandling.framework */ = {isa = PBXFileReference; lastKnownFileType = wrapper.framework; name = ExceptionHandling.framework; path = /System/Library/Frameworks/ExceptionHandling.framework; sourceTree = "<absolute>"; };
		44A797F10BE3F9B70069680C /* table-mixed.tif */ = {isa = PBXFileReference; lastKnownFileType = image.tiff; path = "table-mixed.tif"; sourceTree = "<group>"; };
		44F472AF0C0DB735006428EF /* Change_Absent.png */ = {isa = PBXFileReference; lastKnownFileType = image.png; path = Change_Absent.png; sourceTree = "<group>"; };
		44F472B00C0DB735006428EF /* Change_Unmodified.png */ = {isa = PBXFileReference; lastKnownFileType = image.png; path = Change_Unmodified.png; sourceTree = "<group>"; };
		4C5E1EC821E5E9C500F98F8C /* ProgressBarGreen.png */ = {isa = PBXFileReference; lastKnownFileType = image.png; path = ProgressBarGreen.png; sourceTree = "<group>"; };
		4C5E1EC921E5E9C500F98F8C /* ProgressBarAdvanced.png */ = {isa = PBXFileReference; lastKnownFileType = image.png; path = ProgressBarAdvanced.png; sourceTree = "<group>"; };
		4C5E1ECA21E5E9C500F98F8C /* ProgressBarBlue.png */ = {isa = PBXFileReference; lastKnownFileType = image.png; path = ProgressBarBlue.png; sourceTree = "<group>"; };
		4C5E1ECB21E5E9C500F98F8C /* ProgressBarGray.png */ = {isa = PBXFileReference; lastKnownFileType = image.png; path = ProgressBarGray.png; sourceTree = "<group>"; };
		4C5E1ECC21E5E9C500F98F8C /* ProgressBarEndGray.png */ = {isa = PBXFileReference; lastKnownFileType = image.png; path = ProgressBarEndGray.png; sourceTree = "<group>"; };
		4C5E1ECD21E5E9C500F98F8C /* ProgressBarEndGreen.png */ = {isa = PBXFileReference; lastKnownFileType = image.png; path = ProgressBarEndGreen.png; sourceTree = "<group>"; };
		4C5E1ECE21E5E9C500F98F8C /* ProgressBarEndWhite.png */ = {isa = PBXFileReference; lastKnownFileType = image.png; path = ProgressBarEndWhite.png; sourceTree = "<group>"; };
		4C5E1ECF21E5E9C500F98F8C /* ProgressBarEndAdvanced.png */ = {isa = PBXFileReference; lastKnownFileType = image.png; path = ProgressBarEndAdvanced.png; sourceTree = "<group>"; };
		4C5E1ED021E5E9C500F98F8C /* ProgressBarWhite.png */ = {isa = PBXFileReference; lastKnownFileType = image.png; path = ProgressBarWhite.png; sourceTree = "<group>"; };
		4C5E1ED121E5E9C500F98F8C /* ProgressBarLightGreen.png */ = {isa = PBXFileReference; lastKnownFileType = image.png; path = ProgressBarLightGreen.png; sourceTree = "<group>"; };
		4C5E1ED221E5E9C500F98F8C /* ProgressBarEndBlue.png */ = {isa = PBXFileReference; lastKnownFileType = image.png; path = ProgressBarEndBlue.png; sourceTree = "<group>"; };
		690F564404F11EC300CF23A4 /* ProfileController.h */ = {isa = PBXFileReference; fileEncoding = 30; lastKnownFileType = sourcecode.c.h; path = ProfileController.h; sourceTree = "<group>"; };
		690F564504F11EC300CF23A4 /* ProfileController.m */ = {isa = PBXFileReference; fileEncoding = 30; lastKnownFileType = sourcecode.c.objc; path = ProfileController.m; sourceTree = "<group>"; };
		691CE180051BB44A00CF23A4 /* ProfileTableView.h */ = {isa = PBXFileReference; fileEncoding = 30; lastKnownFileType = sourcecode.c.h; path = ProfileTableView.h; sourceTree = "<group>"; };
		691CE181051BB44A00CF23A4 /* ProfileTableView.m */ = {isa = PBXFileReference; fileEncoding = 30; lastKnownFileType = sourcecode.c.objc; path = ProfileTableView.m; sourceTree = "<group>"; };
		69660DC604F08CC100CF23A4 /* MyController.h */ = {isa = PBXFileReference; fileEncoding = 30; lastKnownFileType = sourcecode.c.h; path = MyController.h; sourceTree = "<group>"; };
		69660DC704F08CC100CF23A4 /* MyController.m */ = {isa = PBXFileReference; fileEncoding = 30; lastKnownFileType = sourcecode.c.objc; path = MyController.m; sourceTree = "<group>"; };
		697985CD050CFA2D00CF23A4 /* PreferencesController.h */ = {isa = PBXFileReference; fileEncoding = 30; lastKnownFileType = sourcecode.c.h; path = PreferencesController.h; sourceTree = "<group>"; };
		697985CE050CFA2D00CF23A4 /* PreferencesController.m */ = {isa = PBXFileReference; fileEncoding = 30; lastKnownFileType = sourcecode.c.objc; path = PreferencesController.m; sourceTree = "<group>"; };
		69BA7DA804FD695200CF23A4 /* ReconTableView.h */ = {isa = PBXFileReference; fileEncoding = 4; lastKnownFileType = sourcecode.c.h; path = ReconTableView.h; sourceTree = "<group>"; };
		69BA7DA904FD695200CF23A4 /* ReconTableView.m */ = {isa = PBXFileReference; fileEncoding = 4; lastKnownFileType = sourcecode.c.objc; path = ReconTableView.m; sourceTree = "<group>"; };
		69C625CA0664E94E00B3C46A /* Unison.icns */ = {isa = PBXFileReference; lastKnownFileType = image.icns; path = Unison.icns; sourceTree = "<group>"; };
		69C625F40664EC3300B3C46A /* Info.plist */ = {isa = PBXFileReference; lastKnownFileType = text.plist.xml; path = Info.plist; sourceTree = "<group>"; };
		69C625F50664EC3300B3C46A /* Unison.app */ = {isa = PBXFileReference; explicitFileType = wrapper.application; includeInIndex = 0; path = Unison.app; sourceTree = BUILT_PRODUCTS_DIR; };
		69D3C6F904F1CC3700CF23A4 /* ReconItem.m */ = {isa = PBXFileReference; fileEncoding = 30; lastKnownFileType = sourcecode.c.objc; path = ReconItem.m; sourceTree = "<group>"; };
		69D3C6FA04F1CC3700CF23A4 /* ReconItem.h */ = {isa = PBXFileReference; fileEncoding = 30; lastKnownFileType = sourcecode.c.h; path = ReconItem.h; sourceTree = "<group>"; };
		69E407B907EB95AA00D37AA1 /* Security.framework */ = {isa = PBXFileReference; lastKnownFileType = wrapper.framework; name = Security.framework; path = /System/Library/Frameworks/Security.framework; sourceTree = "<absolute>"; };
		8450B1361918859E00A2C4D6 /* ColorGradientView.h */ = {isa = PBXFileReference; fileEncoding = 4; lastKnownFileType = sourcecode.c.h; path = ColorGradientView.h; sourceTree = "<group>"; };
		8450B1371918859E00A2C4D6 /* ColorGradientView.m */ = {isa = PBXFileReference; fileEncoding = 4; lastKnownFileType = sourcecode.c.objc; path = ColorGradientView.m; sourceTree = "<group>"; };
		849BE4FA191AC10E001B6FBF /* README */ = {isa = PBXFileReference; fileEncoding = 4; lastKnownFileType = text; path = README; sourceTree = "<group>"; };
		849BE4FB191AC10E001B6FBF /* SSSelectableToolbar.h */ = {isa = PBXFileReference; fileEncoding = 4; lastKnownFileType = sourcecode.c.h; path = SSSelectableToolbar.h; sourceTree = "<group>"; };
		849BE4FC191AC10E001B6FBF /* SSSelectableToolbar.m */ = {isa = PBXFileReference; fileEncoding = 4; lastKnownFileType = sourcecode.c.objc; path = SSSelectableToolbar.m; sourceTree = "<group>"; };
		849BE4FD191AC10E001B6FBF /* SSSelectableToolbarItem.h */ = {isa = PBXFileReference; fileEncoding = 4; lastKnownFileType = sourcecode.c.h; path = SSSelectableToolbarItem.h; sourceTree = "<group>"; };
		849BE4FE191AC10E001B6FBF /* SSSelectableToolbarItem.m */ = {isa = PBXFileReference; fileEncoding = 4; lastKnownFileType = sourcecode.c.objc; path = SSSelectableToolbarItem.m; sourceTree = "<group>"; };
		B518071209D6652100B1B21F /* add.tif */ = {isa = PBXFileReference; lastKnownFileType = image.tiff; path = add.tif; sourceTree = "<group>"; };
		B518071309D6652100B1B21F /* diff.tif */ = {isa = PBXFileReference; lastKnownFileType = image.tiff; path = diff.tif; sourceTree = "<group>"; };
		B518071409D6652100B1B21F /* go.tif */ = {isa = PBXFileReference; lastKnownFileType = image.tiff; path = go.tif; sourceTree = "<group>"; };
		B518071509D6652100B1B21F /* left.tif */ = {isa = PBXFileReference; lastKnownFileType = image.tiff; path = left.tif; sourceTree = "<group>"; };
		B518071609D6652100B1B21F /* merge.tif */ = {isa = PBXFileReference; lastKnownFileType = image.tiff; path = merge.tif; sourceTree = "<group>"; };
		B518071709D6652100B1B21F /* quit.tif */ = {isa = PBXFileReference; lastKnownFileType = image.tiff; path = quit.tif; sourceTree = "<group>"; };
		B518071809D6652100B1B21F /* restart.tif */ = {isa = PBXFileReference; lastKnownFileType = image.tiff; path = restart.tif; sourceTree = "<group>"; };
		B518071909D6652100B1B21F /* right.tif */ = {isa = PBXFileReference; lastKnownFileType = image.tiff; path = right.tif; sourceTree = "<group>"; };
		B518071A09D6652100B1B21F /* save.tif */ = {isa = PBXFileReference; lastKnownFileType = image.tiff; path = save.tif; sourceTree = "<group>"; };
		B518071B09D6652100B1B21F /* skip.tif */ = {isa = PBXFileReference; lastKnownFileType = image.tiff; path = skip.tif; sourceTree = "<group>"; };
		B554003E09C4E5A00089E1C3 /* UnisonToolbar.h */ = {isa = PBXFileReference; fileEncoding = 30; lastKnownFileType = sourcecode.c.h; path = UnisonToolbar.h; sourceTree = "<group>"; };
		B554004009C4E5AA0089E1C3 /* UnisonToolbar.m */ = {isa = PBXFileReference; fileEncoding = 30; lastKnownFileType = sourcecode.c.objc; path = UnisonToolbar.m; sourceTree = "<group>"; };
		B5B44C1109DF61A4000DC7AF /* table-conflict.tif */ = {isa = PBXFileReference; lastKnownFileType = image.tiff; path = "table-conflict.tif"; sourceTree = "<group>"; };
		B5B44C1209DF61A4000DC7AF /* table-error.tif */ = {isa = PBXFileReference; lastKnownFileType = image.tiff; path = "table-error.tif"; sourceTree = "<group>"; };
		B5B44C1309DF61A4000DC7AF /* table-left-blue.tif */ = {isa = PBXFileReference; lastKnownFileType = image.tiff; path = "table-left-blue.tif"; sourceTree = "<group>"; };
		B5B44C1409DF61A4000DC7AF /* table-left-green.tif */ = {isa = PBXFileReference; lastKnownFileType = image.tiff; path = "table-left-green.tif"; sourceTree = "<group>"; };
		B5B44C1509DF61A4000DC7AF /* table-merge.tif */ = {isa = PBXFileReference; lastKnownFileType = image.tiff; path = "table-merge.tif"; sourceTree = "<group>"; };
		B5B44C1609DF61A4000DC7AF /* table-right-blue.tif */ = {isa = PBXFileReference; lastKnownFileType = image.tiff; path = "table-right-blue.tif"; sourceTree = "<group>"; };
		B5B44C1709DF61A4000DC7AF /* table-right-green.tif */ = {isa = PBXFileReference; lastKnownFileType = image.tiff; path = "table-right-green.tif"; sourceTree = "<group>"; };
		B5B44C1809DF61A4000DC7AF /* table-skip.tif */ = {isa = PBXFileReference; lastKnownFileType = image.tiff; path = "table-skip.tif"; sourceTree = "<group>"; };
		B5E03B3809E38B9E0058C7B9 /* rescan.tif */ = {isa = PBXFileReference; lastKnownFileType = image.tiff; path = rescan.tif; sourceTree = "<group>"; };
		DE2444D510C294EA007E1546 /* English */ = {isa = PBXFileReference; lastKnownFileType = file.xib; name = English; path = English.lproj/MainMenu.xib; sourceTree = "<group>"; };
/* End PBXFileReference section */

/* Begin PBXFrameworksBuildPhase section */
		69C625F10664EC3300B3C46A /* Frameworks */ = {
			isa = PBXFrameworksBuildPhase;
			buildActionMask = 2147483647;
			files = (
				69C625F20664EC3300B3C46A /* Cocoa.framework in Frameworks */,
				69E407BA07EB95AA00D37AA1 /* Security.framework in Frameworks */,
				44A794A10BE16C380069680C /* ExceptionHandling.framework in Frameworks */,
				2E282CC80D9AE2B000439D01 /* unison-blob.o in Frameworks */,
			);
			runOnlyForDeploymentPostprocessing = 0;
		};
/* End PBXFrameworksBuildPhase section */

/* Begin PBXGroup section */
		19C28FACFE9D520D11CA2CBB /* Products */ = {
			isa = PBXGroup;
			children = (
				69C625F50664EC3300B3C46A /* Unison.app */,
			);
			name = Products;
			sourceTree = "<group>";
		};
		29B97314FDCFA39411CA2CEA /* uimac */ = {
			isa = PBXGroup;
			children = (
				44A795C90BE2B91B0069680C /* Classes */,
				29B97317FDCFA39411CA2CEA /* Resources */,
				29B97323FDCFA39411CA2CEA /* Frameworks */,
				2E282CCC0D9AE2E800439D01 /* ExternalSettings.xcconfig */,
				69C625F40664EC3300B3C46A /* Info.plist */,
				29B97316FDCFA39411CA2CEA /* main.m */,
				2E282CC70D9AE2B000439D01 /* unison-blob.o */,
				19C28FACFE9D520D11CA2CBB /* Products */,
			);
			name = uimac;
			sourceTree = "<group>";
		};
		29B97317FDCFA39411CA2CEA /* Resources */ = {
			isa = PBXGroup;
			children = (
				44042D0F0BE52AD700A6BBB2 /* progressicons */,
				B5B44C1009DF61A4000DC7AF /* tableicons */,
				B518071109D6652000B1B21F /* toolbar */,
				DE2444D410C294EA007E1546 /* MainMenu.xib */,
				69C625CA0664E94E00B3C46A /* Unison.icns */,
			);
			name = Resources;
			sourceTree = "<group>";
		};
		29B97323FDCFA39411CA2CEA /* Frameworks */ = {
			isa = PBXGroup;
			children = (
				1058C7A1FEA54F0111CA2CBB /* Cocoa.framework */,
				44A794A00BE16C380069680C /* ExceptionHandling.framework */,
				69E407B907EB95AA00D37AA1 /* Security.framework */,
			);
			name = Frameworks;
			sourceTree = "<group>";
		};
		44042D0F0BE52AD700A6BBB2 /* progressicons */ = {
			isa = PBXGroup;
			children = (
				4C5E1EC921E5E9C500F98F8C /* ProgressBarAdvanced.png */,
				4C5E1ECA21E5E9C500F98F8C /* ProgressBarBlue.png */,
				4C5E1ECF21E5E9C500F98F8C /* ProgressBarEndAdvanced.png */,
				4C5E1ED221E5E9C500F98F8C /* ProgressBarEndBlue.png */,
				4C5E1ECC21E5E9C500F98F8C /* ProgressBarEndGray.png */,
				4C5E1ECD21E5E9C500F98F8C /* ProgressBarEndGreen.png */,
				4C5E1ECE21E5E9C500F98F8C /* ProgressBarEndWhite.png */,
				4C5E1ECB21E5E9C500F98F8C /* ProgressBarGray.png */,
				4C5E1EC821E5E9C500F98F8C /* ProgressBarGreen.png */,
				4C5E1ED121E5E9C500F98F8C /* ProgressBarLightGreen.png */,
				4C5E1ED021E5E9C500F98F8C /* ProgressBarWhite.png */,
			);
			path = progressicons;
			sourceTree = "<group>";
		};
		44A795C90BE2B91B0069680C /* Classes */ = {
			isa = PBXGroup;
			children = (
				849BE4F9191AC10E001B6FBF /* ssselectabletoolbar */,
				8450B1361918859E00A2C4D6 /* ColorGradientView.h */,
				8450B1371918859E00A2C4D6 /* ColorGradientView.m */,
				69660DC604F08CC100CF23A4 /* MyController.h */,
				69660DC704F08CC100CF23A4 /* MyController.m */,
				2A3C3F7A09922D4900E404E9 /* NotificationController.h */,
				2A3C3F7B09922D4900E404E9 /* NotificationController.m */,
				69BA7DA804FD695200CF23A4 /* ReconTableView.h */,
				69BA7DA904FD695200CF23A4 /* ReconTableView.m */,
				69D3C6FA04F1CC3700CF23A4 /* ReconItem.h */,
				69D3C6F904F1CC3700CF23A4 /* ReconItem.m */,
				445A2A5B0BFAB6A100E4E641 /* ImageAndTextCell.h */,
				445A2A5D0BFAB6C300E4E641 /* ImageAndTextCell.m */,
				44042CB30BE4FC9B00A6BBB2 /* ProgressCell.h */,
				44042CB40BE4FC9B00A6BBB2 /* ProgressCell.m */,
				690F564404F11EC300CF23A4 /* ProfileController.h */,
				690F564504F11EC300CF23A4 /* ProfileController.m */,
				697985CD050CFA2D00CF23A4 /* PreferencesController.h */,
				697985CE050CFA2D00CF23A4 /* PreferencesController.m */,
				691CE180051BB44A00CF23A4 /* ProfileTableView.h */,
				691CE181051BB44A00CF23A4 /* ProfileTableView.m */,
				B554003E09C4E5A00089E1C3 /* UnisonToolbar.h */,
				B554004009C4E5AA0089E1C3 /* UnisonToolbar.m */,
				449F03DE0BE00DE9003F15C8 /* Bridge.h */,
				449F03DF0BE00DE9003F15C8 /* Bridge.m */,
			);
			name = Classes;
			sourceTree = "<group>";
		};
		849BE4F9191AC10E001B6FBF /* ssselectabletoolbar */ = {
			isa = PBXGroup;
			children = (
				849BE4FA191AC10E001B6FBF /* README */,
				849BE4FB191AC10E001B6FBF /* SSSelectableToolbar.h */,
				849BE4FC191AC10E001B6FBF /* SSSelectableToolbar.m */,
				849BE4FD191AC10E001B6FBF /* SSSelectableToolbarItem.h */,
				849BE4FE191AC10E001B6FBF /* SSSelectableToolbarItem.m */,
			);
			path = ssselectabletoolbar;
			sourceTree = "<group>";
		};
		B518071109D6652000B1B21F /* toolbar */ = {
			isa = PBXGroup;
			children = (
				B5E03B3809E38B9E0058C7B9 /* rescan.tif */,
				B518071209D6652100B1B21F /* add.tif */,
				B518071309D6652100B1B21F /* diff.tif */,
				B518071409D6652100B1B21F /* go.tif */,
				B518071509D6652100B1B21F /* left.tif */,
				B518071609D6652100B1B21F /* merge.tif */,
				B518071709D6652100B1B21F /* quit.tif */,
				B518071809D6652100B1B21F /* restart.tif */,
				B518071909D6652100B1B21F /* right.tif */,
				B518071A09D6652100B1B21F /* save.tif */,
				B518071B09D6652100B1B21F /* skip.tif */,
			);
			path = toolbar;
			sourceTree = "<group>";
		};
		B5B44C1009DF61A4000DC7AF /* tableicons */ = {
			isa = PBXGroup;
			children = (
				44F472AF0C0DB735006428EF /* Change_Absent.png */,
				44F472B00C0DB735006428EF /* Change_Unmodified.png */,
				440EEAF60C03F0B800ACAAB0 /* Change_Deleted.png */,
				440EEAF70C03F0B800ACAAB0 /* Change_Modified.png */,
				440EEAF80C03F0B800ACAAB0 /* Change_PropsChanged.png */,
				440EEAF20C03EC3D00ACAAB0 /* Change_Created.png */,
				44A797F10BE3F9B70069680C /* table-mixed.tif */,
				B5B44C1109DF61A4000DC7AF /* table-conflict.tif */,
				B5B44C1209DF61A4000DC7AF /* table-error.tif */,
				B5B44C1309DF61A4000DC7AF /* table-left-blue.tif */,
				B5B44C1409DF61A4000DC7AF /* table-left-green.tif */,
				B5B44C1509DF61A4000DC7AF /* table-merge.tif */,
				B5B44C1609DF61A4000DC7AF /* table-right-blue.tif */,
				B5B44C1709DF61A4000DC7AF /* table-right-green.tif */,
				B5B44C1809DF61A4000DC7AF /* table-skip.tif */,
				445A291A0BFA5B3300E4E641 /* Outline-Deep.png */,
				445A29260BFA5C1200E4E641 /* Outline-Flat.png */,
				445A29280BFA5C1B00E4E641 /* Outline-Flattened.png */,
			);
			path = tableicons;
			sourceTree = "<group>";
		};
/* End PBXGroup section */

/* Begin PBXNativeTarget section */
		69C625DD0664EC3300B3C46A /* uimac */ = {
			isa = PBXNativeTarget;
			buildConfigurationList = 2A3C3F280992245300E404E9 /* Build configuration list for PBXNativeTarget "uimac" */;
			buildPhases = (
				2E282CBA0D9AE17300439D01 /* Run Script (make unison-blob.o) */,
				69C625E50664EC3300B3C46A /* Resources */,
				69C625E90664EC3300B3C46A /* Sources */,
				69C625F10664EC3300B3C46A /* Frameworks */,
			);
			buildRules = (
			);
			dependencies = (
			);
			name = uimac;
			productInstallPath = "$(HOME)/Applications";
			productName = uimac;
			productReference = 69C625F50664EC3300B3C46A /* Unison.app */;
			productType = "com.apple.product-type.application";
		};
/* End PBXNativeTarget section */

/* Begin PBXProject section */
		29B97313FDCFA39411CA2CEA /* Project object */ = {
			isa = PBXProject;
			attributes = {
				LastUpgradeCheck = 1010;
			};
			buildConfigurationList = 2A3C3F2C0992245300E404E9 /* Build configuration list for PBXProject "uimacnew" */;
			compatibilityVersion = "Xcode 3.2";
			developmentRegion = English;
			hasScannedForEncodings = 1;
			knownRegions = (
				English,
				Japanese,
				French,
				German,
			);
			mainGroup = 29B97314FDCFA39411CA2CEA /* uimac */;
			projectDirPath = "";
			projectRoot = "";
			targets = (
				69C625DD0664EC3300B3C46A /* uimac */,
			);
		};
/* End PBXProject section */

/* Begin PBXResourcesBuildPhase section */
		69C625E50664EC3300B3C46A /* Resources */ = {
			isa = PBXResourcesBuildPhase;
			buildActionMask = 2147483647;
			files = (
				69C625E80664EC3300B3C46A /* Unison.icns in Resources */,
				B518071C09D6652100B1B21F /* add.tif in Resources */,
				B518071D09D6652100B1B21F /* diff.tif in Resources */,
				B518071E09D6652100B1B21F /* go.tif in Resources */,
				B518071F09D6652100B1B21F /* left.tif in Resources */,
				B518072009D6652100B1B21F /* merge.tif in Resources */,
				B518072109D6652100B1B21F /* quit.tif in Resources */,
				4C5E1ED521E5E9C500F98F8C /* ProgressBarBlue.png in Resources */,
				4C5E1ED321E5E9C500F98F8C /* ProgressBarGreen.png in Resources */,
				B518072209D6652100B1B21F /* restart.tif in Resources */,
				B518072309D6652100B1B21F /* right.tif in Resources */,
				4C5E1EDB21E5E9C500F98F8C /* ProgressBarWhite.png in Resources */,
				B518072409D6652100B1B21F /* save.tif in Resources */,
				B518072509D6652100B1B21F /* skip.tif in Resources */,
				B5B44C1909DF61A4000DC7AF /* table-conflict.tif in Resources */,
				B5B44C1A09DF61A4000DC7AF /* table-error.tif in Resources */,
				B5B44C1B09DF61A4000DC7AF /* table-left-blue.tif in Resources */,
				B5B44C1C09DF61A4000DC7AF /* table-left-green.tif in Resources */,
				B5B44C1D09DF61A4000DC7AF /* table-merge.tif in Resources */,
				4C5E1ED721E5E9C500F98F8C /* ProgressBarEndGray.png in Resources */,
				B5B44C1E09DF61A4000DC7AF /* table-right-blue.tif in Resources */,
				B5B44C1F09DF61A4000DC7AF /* table-right-green.tif in Resources */,
				B5B44C2009DF61A4000DC7AF /* table-skip.tif in Resources */,
				B5E03B3909E38B9E0058C7B9 /* rescan.tif in Resources */,
				4C5E1EDC21E5E9C500F98F8C /* ProgressBarLightGreen.png in Resources */,
				44A797F40BE3F9B70069680C /* table-mixed.tif in Resources */,
				445A291B0BFA5B3300E4E641 /* Outline-Deep.png in Resources */,
				445A29270BFA5C1200E4E641 /* Outline-Flat.png in Resources */,
				445A29290BFA5C1B00E4E641 /* Outline-Flattened.png in Resources */,
				4C5E1ED921E5E9C500F98F8C /* ProgressBarEndWhite.png in Resources */,
				440EEAF30C03EC3D00ACAAB0 /* Change_Created.png in Resources */,
				440EEAF90C03F0B800ACAAB0 /* Change_Deleted.png in Resources */,
				4C5E1ED821E5E9C500F98F8C /* ProgressBarEndGreen.png in Resources */,
				440EEAFA0C03F0B800ACAAB0 /* Change_Modified.png in Resources */,
				4C5E1EDA21E5E9C500F98F8C /* ProgressBarEndAdvanced.png in Resources */,
				440EEAFB0C03F0B800ACAAB0 /* Change_PropsChanged.png in Resources */,
				4C5E1ED621E5E9C500F98F8C /* ProgressBarGray.png in Resources */,
				4C5E1EDD21E5E9C500F98F8C /* ProgressBarEndBlue.png in Resources */,
				44F472B10C0DB735006428EF /* Change_Absent.png in Resources */,
				44F472B20C0DB735006428EF /* Change_Unmodified.png in Resources */,
				DE2444D610C294EA007E1546 /* MainMenu.xib in Resources */,
				4C5E1ED421E5E9C500F98F8C /* ProgressBarAdvanced.png in Resources */,
				849BE4FF191AC10E001B6FBF /* README in Resources */,
			);
			runOnlyForDeploymentPostprocessing = 0;
		};
/* End PBXResourcesBuildPhase section */

/* Begin PBXShellScriptBuildPhase section */
		2E282CBA0D9AE17300439D01 /* Run Script (make unison-blob.o) */ = {
			isa = PBXShellScriptBuildPhase;
			buildActionMask = 2147483647;
			files = (
			);
			inputPaths = (
			);
			name = "Run Script (make unison-blob.o)";
			outputPaths = (
				"../unison-blob.o",
			);
			runOnlyForDeploymentPostprocessing = 0;
			shellPath = /bin/sh;
			shellScript = "echo \"Building unison-blob.o...\"\nif [ -x /usr/libexec/path_helper ]; then\n    eval `/usr/libexec/path_helper -s`\nfi\nif [ -x `which opam` ]; then\n    eval `opam config env`\nfi\nmake -C .. unison-blob.o\necho \"done\"\n";
			showEnvVarsInLog = 0;
		};
/* End PBXShellScriptBuildPhase section */

/* Begin PBXSourcesBuildPhase section */
		69C625E90664EC3300B3C46A /* Sources */ = {
			isa = PBXSourcesBuildPhase;
			buildActionMask = 2147483647;
			files = (
				69C625EA0664EC3300B3C46A /* main.m in Sources */,
				69C625EB0664EC3300B3C46A /* MyController.m in Sources */,
				69C625EC0664EC3300B3C46A /* ProfileController.m in Sources */,
				69C625ED0664EC3300B3C46A /* ReconItem.m in Sources */,
				69C625EE0664EC3300B3C46A /* ReconTableView.m in Sources */,
				69C625EF0664EC3300B3C46A /* PreferencesController.m in Sources */,
				69C625F00664EC3300B3C46A /* ProfileTableView.m in Sources */,
				2A3C3F7D09922D4900E404E9 /* NotificationController.m in Sources */,
				B554004109C4E5AA0089E1C3 /* UnisonToolbar.m in Sources */,
				449F03E10BE00DE9003F15C8 /* Bridge.m in Sources */,
				44042CB60BE4FC9B00A6BBB2 /* ProgressCell.m in Sources */,
				445A2A5E0BFAB6C300E4E641 /* ImageAndTextCell.m in Sources */,
				8450B1381918859E00A2C4D6 /* ColorGradientView.m in Sources */,
				849BE500191AC10E001B6FBF /* SSSelectableToolbar.m in Sources */,
				849BE501191AC10E001B6FBF /* SSSelectableToolbarItem.m in Sources */,
			);
			runOnlyForDeploymentPostprocessing = 0;
		};
/* End PBXSourcesBuildPhase section */

/* Begin PBXVariantGroup section */
		DE2444D410C294EA007E1546 /* MainMenu.xib */ = {
			isa = PBXVariantGroup;
			children = (
				DE2444D510C294EA007E1546 /* English */,
			);
			name = MainMenu.xib;
			sourceTree = "<group>";
		};
/* End PBXVariantGroup section */

/* Begin XCBuildConfiguration section */
		2A3C3F290992245300E404E9 /* Development */ = {
			isa = XCBuildConfiguration;
			buildSettings = {
				COPY_PHASE_STRIP = NO;
				FRAMEWORK_SEARCH_PATHS_QUOTED_FOR_TARGET_1 = "";
				GCC_DYNAMIC_NO_PIC = NO;
				GCC_ENABLE_OBJC_EXCEPTIONS = YES;
				GCC_GENERATE_DEBUGGING_SYMBOLS = YES;
				GCC_OPTIMIZATION_LEVEL = 0;
				GCC_PRECOMPILE_PREFIX_HEADER = YES;
				INFOPLIST_FILE = Info.plist;
				INSTALL_PATH = "$(HOME)/Applications";
				NSZombieEnabled = YES;
				OTHER_CFLAGS = "";
				OTHER_LDFLAGS = (
					"-L$(OCAMLLIBDIR)",
					"-lunix",
					"-lthreadsnat",
					"-lcamlstr",
					"-lasmrun",
				);
				PRODUCT_BUNDLE_IDENTIFIER = edu.upenn.cis.Unison;
				PRODUCT_NAME = Unison;
				SECTORDER_FLAGS = "";
				WARNING_CFLAGS = (
					"-Wmost",
					"-Wno-four-char-constants",
					"-Wno-unknown-pragmas",
				);
				WRAPPER_EXTENSION = app;
				ZERO_LINK = YES;
			};
			name = Development;
		};
		2A3C3F2A0992245300E404E9 /* Deployment */ = {
			isa = XCBuildConfiguration;
			buildSettings = {
				COPY_PHASE_STRIP = YES;
				FRAMEWORK_SEARCH_PATHS_QUOTED_FOR_TARGET_1 = "";
				GCC_ENABLE_OBJC_EXCEPTIONS = YES;
				GCC_PRECOMPILE_PREFIX_HEADER = YES;
				GCC_WARN_FOUR_CHARACTER_CONSTANTS = YES;
				INFOPLIST_FILE = Info.plist;
				INSTALL_PATH = "$(HOME)/Applications";
				OTHER_CFLAGS = "";
				OTHER_LDFLAGS = (
					"-L$(OCAMLLIBDIR)",
					"-lunix",
					"-lthreadsnat",
					"-lcamlstr",
					"-lasmrun",
				);
				PRODUCT_BUNDLE_IDENTIFIER = edu.upenn.cis.Unison;
				PRODUCT_NAME = Unison;
				SECTORDER_FLAGS = "";
				WARNING_CFLAGS = (
					"-Wmost",
					"-Wno-four-char-constants",
					"-Wno-unknown-pragmas",
				);
				WRAPPER_EXTENSION = app;
				ZERO_LINK = NO;
			};
			name = Deployment;
		};
		2A3C3F2B0992245300E404E9 /* Default */ = {
			isa = XCBuildConfiguration;
			buildSettings = {
				FRAMEWORK_SEARCH_PATHS_QUOTED_FOR_TARGET_1 = "";
				GCC_ENABLE_OBJC_EXCEPTIONS = YES;
				GCC_PRECOMPILE_PREFIX_HEADER = YES;
				INFOPLIST_FILE = Info.plist;
				INSTALL_PATH = "$(HOME)/Applications";
				OTHER_CFLAGS = "";
				OTHER_LDFLAGS = (
					"-L$(OCAMLLIBDIR)",
					"-lunix",
					"-lthreadsnat",
					"-lcamlstr",
					"-lasmrun",
				);
				PRODUCT_BUNDLE_IDENTIFIER = edu.upenn.cis.Unison;
				PRODUCT_NAME = Unison;
				SECTORDER_FLAGS = "";
				WARNING_CFLAGS = (
					"-Wmost",
					"-Wno-four-char-constants",
					"-Wno-unknown-pragmas",
				);
				WRAPPER_EXTENSION = app;
				ZERO_LINK = NO;
			};
			name = Default;
		};
		2A3C3F2D0992245300E404E9 /* Development */ = {
			isa = XCBuildConfiguration;
			baseConfigurationReference = 2E282CCC0D9AE2E800439D01 /* ExternalSettings.xcconfig */;
			buildSettings = {
				ALWAYS_SEARCH_USER_PATHS = NO;
				CLANG_ANALYZER_LOCALIZABILITY_NONLOCALIZED = YES;
				CLANG_WARN_BLOCK_CAPTURE_AUTORELEASING = YES;
				CLANG_WARN_BOOL_CONVERSION = YES;
				CLANG_WARN_COMMA = YES;
				CLANG_WARN_CONSTANT_CONVERSION = YES;
				CLANG_WARN_DEPRECATED_OBJC_IMPLEMENTATIONS = YES;
				CLANG_WARN_EMPTY_BODY = YES;
				CLANG_WARN_ENUM_CONVERSION = YES;
				CLANG_WARN_INFINITE_RECURSION = YES;
				CLANG_WARN_INT_CONVERSION = YES;
				CLANG_WARN_NON_LITERAL_NULL_CONVERSION = YES;
				CLANG_WARN_OBJC_LITERAL_CONVERSION = YES;
				CLANG_WARN_STRICT_PROTOTYPES = YES;
				CLANG_WARN_UNREACHABLE_CODE = YES;
				CLANG_WARN__DUPLICATE_METHOD_MATCH = YES;
				ENABLE_STRICT_OBJC_MSGSEND = YES;
				ENABLE_TESTABILITY = YES;
				GCC_NO_COMMON_BLOCKS = YES;
				GCC_WARN_64_TO_32_BIT_CONVERSION = YES;
				GCC_WARN_ABOUT_RETURN_TYPE = YES;
				GCC_WARN_UNDECLARED_SELECTOR = YES;
				GCC_WARN_UNINITIALIZED_AUTOS = YES;
				GCC_WARN_UNUSED_FUNCTION = YES;
				GCC_WARN_UNUSED_VARIABLE = YES;
				LIBRARY_SEARCH_PATHS = "";
				MACOSX_DEPLOYMENT_TARGET = 10.6;
				ONLY_ACTIVE_ARCH = YES;
				PRODUCT_BUNDLE_IDENTIFIER = edu.upenn.cis.Unison;
				SDKROOT = macosx;
				SYSTEM_HEADER_SEARCH_PATHS = "$(OCAMLLIBDIR)";
			};
			name = Development;
		};
		2A3C3F2E0992245300E404E9 /* Deployment */ = {
			isa = XCBuildConfiguration;
			baseConfigurationReference = 2E282CCC0D9AE2E800439D01 /* ExternalSettings.xcconfig */;
			buildSettings = {
				ALWAYS_SEARCH_USER_PATHS = NO;
				CLANG_ANALYZER_LOCALIZABILITY_NONLOCALIZED = YES;
				CLANG_WARN_BLOCK_CAPTURE_AUTORELEASING = YES;
				CLANG_WARN_BOOL_CONVERSION = YES;
				CLANG_WARN_COMMA = YES;
				CLANG_WARN_CONSTANT_CONVERSION = YES;
				CLANG_WARN_DEPRECATED_OBJC_IMPLEMENTATIONS = YES;
				CLANG_WARN_EMPTY_BODY = YES;
				CLANG_WARN_ENUM_CONVERSION = YES;
				CLANG_WARN_INFINITE_RECURSION = YES;
				CLANG_WARN_INT_CONVERSION = YES;
				CLANG_WARN_NON_LITERAL_NULL_CONVERSION = YES;
				CLANG_WARN_OBJC_LITERAL_CONVERSION = YES;
				CLANG_WARN_STRICT_PROTOTYPES = YES;
				CLANG_WARN_UNREACHABLE_CODE = YES;
				CLANG_WARN__DUPLICATE_METHOD_MATCH = YES;
				ENABLE_STRICT_OBJC_MSGSEND = YES;
				GCC_NO_COMMON_BLOCKS = YES;
				GCC_WARN_64_TO_32_BIT_CONVERSION = YES;
				GCC_WARN_ABOUT_RETURN_TYPE = YES;
				GCC_WARN_UNDECLARED_SELECTOR = YES;
				GCC_WARN_UNINITIALIZED_AUTOS = YES;
				GCC_WARN_UNUSED_FUNCTION = YES;
				GCC_WARN_UNUSED_VARIABLE = YES;
				LIBRARY_SEARCH_PATHS = "";
				MACOSX_DEPLOYMENT_TARGET = 10.6;
				PRODUCT_BUNDLE_IDENTIFIER = edu.upenn.cis.Unison;
				SDKROOT = macosx;
				SYSTEM_HEADER_SEARCH_PATHS = "$(OCAMLLIBDIR)";
			};
			name = Deployment;
		};
		2A3C3F2F0992245300E404E9 /* Default */ = {
			isa = XCBuildConfiguration;
			baseConfigurationReference = 2E282CCC0D9AE2E800439D01 /* ExternalSettings.xcconfig */;
			buildSettings = {
				ALWAYS_SEARCH_USER_PATHS = NO;
				CLANG_ANALYZER_LOCALIZABILITY_NONLOCALIZED = YES;
				CLANG_WARN_BLOCK_CAPTURE_AUTORELEASING = YES;
				CLANG_WARN_BOOL_CONVERSION = YES;
				CLANG_WARN_COMMA = YES;
				CLANG_WARN_CONSTANT_CONVERSION = YES;
				CLANG_WARN_DEPRECATED_OBJC_IMPLEMENTATIONS = YES;
				CLANG_WARN_EMPTY_BODY = YES;
				CLANG_WARN_ENUM_CONVERSION = YES;
				CLANG_WARN_INFINITE_RECURSION = YES;
				CLANG_WARN_INT_CONVERSION = YES;
				CLANG_WARN_NON_LITERAL_NULL_CONVERSION = YES;
				CLANG_WARN_OBJC_LITERAL_CONVERSION = YES;
				CLANG_WARN_STRICT_PROTOTYPES = YES;
				CLANG_WARN_UNREACHABLE_CODE = YES;
				CLANG_WARN__DUPLICATE_METHOD_MATCH = YES;
				ENABLE_STRICT_OBJC_MSGSEND = YES;
				GCC_NO_COMMON_BLOCKS = YES;
				GCC_WARN_64_TO_32_BIT_CONVERSION = YES;
				GCC_WARN_ABOUT_RETURN_TYPE = YES;
				GCC_WARN_UNDECLARED_SELECTOR = YES;
				GCC_WARN_UNINITIALIZED_AUTOS = YES;
				GCC_WARN_UNUSED_FUNCTION = YES;
				GCC_WARN_UNUSED_VARIABLE = YES;
				LIBRARY_SEARCH_PATHS = "";
				MACOSX_DEPLOYMENT_TARGET = 10.6;
				PRODUCT_BUNDLE_IDENTIFIER = edu.upenn.cis.Unison;
				SDKROOT = macosx;
				SYSTEM_HEADER_SEARCH_PATHS = "$(OCAMLLIBDIR)";
			};
			name = Default;
		};
/* End XCBuildConfiguration section */

/* Begin XCConfigurationList section */
		2A3C3F280992245300E404E9 /* Build configuration list for PBXNativeTarget "uimac" */ = {
			isa = XCConfigurationList;
			buildConfigurations = (
				2A3C3F290992245300E404E9 /* Development */,
				2A3C3F2A0992245300E404E9 /* Deployment */,
				2A3C3F2B0992245300E404E9 /* Default */,
			);
			defaultConfigurationIsVisible = 0;
			defaultConfigurationName = Default;
		};
		2A3C3F2C0992245300E404E9 /* Build configuration list for PBXProject "uimacnew" */ = {
			isa = XCConfigurationList;
			buildConfigurations = (
				2A3C3F2D0992245300E404E9 /* Development */,
				2A3C3F2E0992245300E404E9 /* Deployment */,
				2A3C3F2F0992245300E404E9 /* Default */,
			);
			defaultConfigurationIsVisible = 0;
			defaultConfigurationName = Default;
		};
/* End XCConfigurationList section */
	};
	rootObject = 29B97313FDCFA39411CA2CEA /* Project object */;
}
